
Microsoft Visual Studio Solution File, Format Version 12.00
# Visual Studio 14
VisualStudioVersion = 14.0.24720.0
MinimumVisualStudioVersion = 10.0.40219.1
Project("{FAE04EC0-301F-11D3-BF4B-00C04F79EFBC}") = "Portal.Core", "Portal.Core\Portal.Core.csproj", "{12E238D3-AB7F-47B2-8730-3790C58612CE}"
EndProject
Project("{FAE04EC0-301F-11D3-BF4B-00C04F79EFBC}") = "Portal.CMS", "Portal.CMS\Portal.CMS.csproj", "{3FCFD3CA-AAE0-4271-AC23-D00F25899394}"
EndProject
Global
	GlobalSection(SolutionConfigurationPlatforms) = preSolution
		Debug|Any CPU = Debug|Any CPU
		Release|Any CPU = Release|Any CPU
	EndGlobalSection
	GlobalSection(ProjectConfigurationPlatforms) = postSolution
		{12E238D3-AB7F-47B2-8730-3790C58612CE}.Debug|Any CPU.ActiveCfg = Debug|Any CPU
		{12E238D3-AB7F-47B2-8730-3790C58612CE}.Debug|Any CPU.Build.0 = Debug|Any CPU
		{12E238D3-AB7F-47B2-8730-3790C58612CE}.Release|Any CPU.ActiveCfg = Release|Any CPU
		{12E238D3-AB7F-47B2-8730-3790C58612CE}.Release|Any CPU.Build.0 = Release|Any CPU
		{3FCFD3CA-AAE0-4271-AC23-D00F25899394}.Debug|Any CPU.ActiveCfg = Debug|Any CPU
		{3FCFD3CA-AAE0-4271-AC23-D00F25899394}.Debug|Any CPU.Build.0 = Debug|Any CPU
		{3FCFD3CA-AAE0-4271-AC23-D00F25899394}.Release|Any CPU.ActiveCfg = Release|Any CPU
		{3FCFD3CA-AAE0-4271-AC23-D00F25899394}.Release|Any CPU.Build.0 = Release|Any CPU
	EndGlobalSection
	GlobalSection(SolutionProperties) = preSolution
		HideSolutionNode = FALSE
	EndGlobalSection
EndGlobal
